
Microsoft Visual Studio Solution File, Format Version 12.00
# Visual Studio Version 16
VisualStudioVersion = 16.0.30804.86
MinimumVisualStudioVersion = 10.0.40219.1
Project("{9A19103F-16F7-4668-BE54-9A1E7A4F7556}") = "ehpad.ORM", "ehpad.ORM\ehpad.ORM.csproj", "{70D0D545-0883-4E9A-8E33-85758DB28F7F}"
EndProject
Project("{FAE04EC0-301F-11D3-BF4B-00C04F79EFBC}") = "ehpad.WEB", "ehpad.WEB\ehpad.WEB.csproj", "{63B546D9-8B91-48B2-A155-73CFBF15CC44}"
EndProject
Global
	GlobalSection(SolutionConfigurationPlatforms) = preSolution
		Debug|Any CPU = Debug|Any CPU
		Release|Any CPU = Release|Any CPU
	EndGlobalSection
	GlobalSection(ProjectConfigurationPlatforms) = postSolution
		{70D0D545-0883-4E9A-8E33-85758DB28F7F}.Debug|Any CPU.ActiveCfg = Debug|Any CPU
		{70D0D545-0883-4E9A-8E33-85758DB28F7F}.Debug|Any CPU.Build.0 = Debug|Any CPU
		{70D0D545-0883-4E9A-8E33-85758DB28F7F}.Release|Any CPU.ActiveCfg = Release|Any CPU
		{70D0D545-0883-4E9A-8E33-85758DB28F7F}.Release|Any CPU.Build.0 = Release|Any CPU
		{63B546D9-8B91-48B2-A155-73CFBF15CC44}.Debug|Any CPU.ActiveCfg = Debug|Any CPU
		{63B546D9-8B91-48B2-A155-73CFBF15CC44}.Debug|Any CPU.Build.0 = Debug|Any CPU
		{63B546D9-8B91-48B2-A155-73CFBF15CC44}.Release|Any CPU.ActiveCfg = Release|Any CPU
		{63B546D9-8B91-48B2-A155-73CFBF15CC44}.Release|Any CPU.Build.0 = Release|Any CPU
	EndGlobalSection
	GlobalSection(SolutionProperties) = preSolution
		HideSolutionNode = FALSE
	EndGlobalSection
	GlobalSection(ExtensibilityGlobals) = postSolution
		SolutionGuid = {4C18EC0F-ADD9-4245-9F94-F62565B75682}
	EndGlobalSection
EndGlobal
